
Microsoft Visual Studio Solution File, Format Version 12.00
# Visual Studio Version 17
VisualStudioVersion = 17.13.35806.99
MinimumVisualStudioVersion = 10.0.40219.1
Project("{FAE04EC0-301F-11D3-BF4B-00C04F79EFBC}") = "FootballScoreApp", "FootballScoreApi\FootballScoreApp.csproj", "{3C2423BD-48A1-4C4C-A887-85F04A777ADD}"
EndProject
Global
	GlobalSection(SolutionConfigurationPlatforms) = preSolution
		Debug|Any CPU = Debug|Any CPU
		Release|Any CPU = Release|Any CPU
	EndGlobalSection
	GlobalSection(ProjectConfigurationPlatforms) = postSolution
		{3C2423BD-48A1-4C4C-A887-85F04A777ADD}.Debug|Any CPU.ActiveCfg = Debug|Any CPU
		{3C2423BD-48A1-4C4C-A887-85F04A777ADD}.Debug|Any CPU.Build.0 = Debug|Any CPU
		{3C2423BD-48A1-4C4C-A887-85F04A777ADD}.Release|Any CPU.ActiveCfg = Release|Any CPU
		{3C2423BD-48A1-4C4C-A887-85F04A777ADD}.Release|Any CPU.Build.0 = Release|Any CPU
	EndGlobalSection
	GlobalSection(SolutionProperties) = preSolution
		HideSolutionNode = FALSE
	EndGlobalSection
	GlobalSection(ExtensibilityGlobals) = postSolution
		SolutionGuid = {7CCA8437-E7B2-4799-9262-9FE0AF6A3506}
	EndGlobalSection
EndGlobal
